{
  "commit": "eda39c66b8b8984109e8c1167924c442e6374f10",
  "working_tree_dirty": true,
  "generated_at": "2026-08-05T00:00:00Z",
  "scanned_scope": [
    ".github/workflows/update.yml",
    "README.md",
    "bitrix.html",
    "data.json",
    "fetch_bitrix.py",
    "fetch_gsc.py",
    "fetch_meta.py",
    "home.html",
    "index.html",
    "seo.html"
  ],
  "excluded_dirs": [
    "images/",
    ".git/"
  ],
  "fingerprint_algorithm": "sha256(sorted tracked file paths + file contents, concatenated)",
  "modules": {
    ".github/workflows/update.yml": {
      "fingerprint": "fea98e1f6196371f9c4f19c0b2919a752d49070b66e47b4c85a4dedab992fc7d",
      "files": [
        ".github/workflows/update.yml"
      ]
    },
    "fetch_meta.py": {
      "fingerprint": "105f9011057c46086f44f2380b75e7d25cb462db506c54e9552b80abd4676ee4",
      "files": [
        "fetch_meta.py"
      ]
    },
    "fetch_gsc.py": {
      "fingerprint": "93425b2a9e31b56f52820075c65b62ec8bd6c866207704582cf645fcd992b36e",
      "files": [
        "fetch_gsc.py"
      ]
    },
    "index.html": {
      "fingerprint": "3539c50fbff13eb51252996785f737f49a2f6df03b17693091338561ed892c10",
      "files": [
        "index.html"
      ]
    },
    "seo.html": {
      "fingerprint": "d9e62663af3097418d513ea9832ddf4e274458561ac52552fe1dc6526e5a1240",
      "files": [
        "seo.html"
      ]
    },
    "home.html": {
      "fingerprint": "c8a5b9bc6cc5e260793ce8c2bd46602d5f223b77d9a547616517e50125191506",
      "files": [
        "home.html"
      ]
    },
    "data.json": {
      "fingerprint": "6f0eb761530c3837312af4e92eb5bed28c6f2d9b7c1b8671dc2ff248e89b7cff",
      "files": [
        "data.json"
      ]
    },
    "README.md": {
      "fingerprint": "9aac50d59e4e7321d7ad31772d124086c313f5d987d1b5aa343ebcf87e160f89",
      "files": [
        "README.md"
      ]
    },
    "fetch_bitrix.py": {
      "fingerprint": "2c9c2c8f99b44d2ee2cab2b881914ae2d213c7b1065fb54b2bd4342133e7738d",
      "files": [
        "fetch_bitrix.py"
      ]
    },
    "bitrix.html": {
      "fingerprint": "fcf7e29e97149d333ef6ba982357c2c4a93ebb48838792b54829b124a3372ba3",
      "files": [
        "bitrix.html"
      ]
    }
  }
}